{
  "version": 4,
  "terraform_version": "1.1.2",
  "serial": 3,
  "lineage": "72ced4b9-4e65-e04f-ec29-206b69d013c4",
  "outputs": {
    "StorageAccountName": {
      "value": "tonneysa",
      "type": "string"
    }
  },
  "resources": [
    {
      "mode": "data",
      "type": "azurerm_resource_group",
      "name": "resgroup",
      "provider": "provider[\"registry.terraform.io/hashicorp/azurerm\"]",
      "instances": [
        {
          "schema_version": 0,
          "attributes": {
            "id": "/subscriptions/4f05bbc9-03a5-4c1c-adb9-8d4c330fd3b5/resourceGroups/JLL-AM-RG-Corrigo-CSDev01",
            "location": "centralus",
            "name": "JLL-AM-RG-Corrigo-CSDev01",
            "tags": {},
            "timeouts": null
          },
          "sensitive_attributes": []
        }
      ]
    },
    {
      "mode": "managed",
      "type": "azurerm_storage_account",
      "name": "tonneytestsa",
      "provider": "provider[\"registry.terraform.io/hashicorp/azurerm\"]",
      "instances": [
        {
          "schema_version": 2,
          "attributes": {
            "access_tier": "Hot",
            "account_kind": "StorageV2",
            "account_replication_type": "GRS",
            "account_tier": "Standard",
            "allow_blob_public_access": false,
            "azure_files_authentication": [],
            "blob_properties": [
              {
                "change_feed_enabled": false,
                "container_delete_retention_policy": [],
                "cors_rule": [],
                "default_service_version": "",
                "delete_retention_policy": [],
                "last_access_time_enabled": false,
                "versioning_enabled": false
              }
            ],
            "custom_domain": [],
            "enable_https_traffic_only": true,
            "id": "/subscriptions/4f05bbc9-03a5-4c1c-adb9-8d4c330fd3b5/resourceGroups/JLL-AM-RG-Corrigo-CSDev01/providers/Microsoft.Storage/storageAccounts/tonneysa",
            "identity": [],
            "is_hns_enabled": false,
            "large_file_share_enabled": null,
            "location": "centralus",
            "min_tls_version": "TLS1_0",
            "name": "tonneysa",
            "network_rules": [
              {
                "bypass": [
                  "AzureServices"
                ],
                "default_action": "Allow",
                "ip_rules": [],
                "private_link_access": [],
                "virtual_network_subnet_ids": []
              }
            ],
            "nfsv3_enabled": false,
            "primary_access_key": "/Z6tTIUZ44owCsZSoqTiGq9v5BqqJrVXzhWxsz5nmWxlunjB3dZ22KrErcR7MobCZ6rFGBs5v5ctB7xj1PTyig==",
            "primary_blob_connection_string": "DefaultEndpointsProtocol=https;BlobEndpoint=https://tonneysa.blob.core.windows.net/;AccountName=tonneysa;AccountKey=/Z6tTIUZ44owCsZSoqTiGq9v5BqqJrVXzhWxsz5nmWxlunjB3dZ22KrErcR7MobCZ6rFGBs5v5ctB7xj1PTyig==",
            "primary_blob_endpoint": "https://tonneysa.blob.core.windows.net/",
            "primary_blob_host": "tonneysa.blob.core.windows.net",
            "primary_connection_string": "DefaultEndpointsProtocol=https;AccountName=tonneysa;AccountKey=/Z6tTIUZ44owCsZSoqTiGq9v5BqqJrVXzhWxsz5nmWxlunjB3dZ22KrErcR7MobCZ6rFGBs5v5ctB7xj1PTyig==;EndpointSuffix=core.windows.net",
            "primary_dfs_endpoint": "https://tonneysa.dfs.core.windows.net/",
            "primary_dfs_host": "tonneysa.dfs.core.windows.net",
            "primary_file_endpoint": "https://tonneysa.file.core.windows.net/",
            "primary_file_host": "tonneysa.file.core.windows.net",
            "primary_location": "centralus",
            "primary_queue_endpoint": "https://tonneysa.queue.core.windows.net/",
            "primary_queue_host": "tonneysa.queue.core.windows.net",
            "primary_table_endpoint": "https://tonneysa.table.core.windows.net/",
            "primary_table_host": "tonneysa.table.core.windows.net",
            "primary_web_endpoint": "https://tonneysa.z19.web.core.windows.net/",
            "primary_web_host": "tonneysa.z19.web.core.windows.net",
            "queue_encryption_key_type": "Service",
            "queue_properties": [
              {
                "cors_rule": [],
                "hour_metrics": [
                  {
                    "enabled": true,
                    "include_apis": true,
                    "retention_policy_days": 7,
                    "version": "1.0"
                  }
                ],
                "logging": [
                  {
                    "delete": false,
                    "read": false,
                    "retention_policy_days": 0,
                    "version": "1.0",
                    "write": false
                  }
                ],
                "minute_metrics": [
                  {
                    "enabled": false,
                    "include_apis": false,
                    "retention_policy_days": 0,
                    "version": "1.0"
                  }
                ]
              }
            ],
            "resource_group_name": "JLL-AM-RG-Corrigo-CSDev01",
            "routing": [],
            "secondary_access_key": "6H90FJJoHSY/a6uL974tIBSjfWdURFzkvQLr7xmcaPZt4ffSft9lZOhfD2KEcwcVdN7FIhrHNMtl9kWY2EV5XA==",
            "secondary_blob_connection_string": "",
            "secondary_blob_endpoint": null,
            "secondary_blob_host": null,
            "secondary_connection_string": "DefaultEndpointsProtocol=https;AccountName=tonneysa;AccountKey=6H90FJJoHSY/a6uL974tIBSjfWdURFzkvQLr7xmcaPZt4ffSft9lZOhfD2KEcwcVdN7FIhrHNMtl9kWY2EV5XA==;EndpointSuffix=core.windows.net",
            "secondary_dfs_endpoint": null,
            "secondary_dfs_host": null,
            "secondary_file_endpoint": null,
            "secondary_file_host": null,
            "secondary_location": "eastus2",
            "secondary_queue_endpoint": null,
            "secondary_queue_host": null,
            "secondary_table_endpoint": null,
            "secondary_table_host": null,
            "secondary_web_endpoint": null,
            "secondary_web_host": null,
            "share_properties": [
              {
                "cors_rule": [],
                "retention_policy": [
                  {
                    "days": 7
                  }
                ],
                "smb": []
              }
            ],
            "shared_access_key_enabled": true,
            "static_website": [],
            "table_encryption_key_type": "Service",
            "tags": {
              "environment": "test"
            },
            "timeouts": null
          },
          "sensitive_attributes": [],
          "private": "eyJlMmJmYjczMC1lY2FhLTExZTYtOGY4OC0zNDM2M2JjN2M0YzAiOnsiY3JlYXRlIjozNjAwMDAwMDAwMDAwLCJkZWxldGUiOjM2MDAwMDAwMDAwMDAsInJlYWQiOjMwMDAwMDAwMDAwMCwidXBkYXRlIjozNjAwMDAwMDAwMDAwfSwic2NoZW1hX3ZlcnNpb24iOiIyIn0=",
          "dependencies": [
            "data.azurerm_resource_group.resgroup"
          ]
        }
      ]
    },
    {
      "mode": "managed",
      "type": "azurerm_storage_container",
      "name": "containerres",
      "provider": "provider[\"registry.terraform.io/hashicorp/azurerm\"]",
      "instances": [
        {
          "schema_version": 1,
          "attributes": {
            "container_access_type": "private",
            "has_immutability_policy": false,
            "has_legal_hold": false,
            "id": "https://tonneysa.blob.core.windows.net/images",
            "metadata": {},
            "name": "images",
            "resource_manager_id": "/subscriptions/4f05bbc9-03a5-4c1c-adb9-8d4c330fd3b5/resourceGroups/JLL-AM-RG-Corrigo-CSDev01/providers/Microsoft.Storage/storageAccounts/tonneysa/blobServices/default/containers/images",
            "storage_account_name": "tonneysa",
            "timeouts": null
          },
          "sensitive_attributes": [],
          "private": "eyJlMmJmYjczMC1lY2FhLTExZTYtOGY4OC0zNDM2M2JjN2M0YzAiOnsiY3JlYXRlIjoxODAwMDAwMDAwMDAwLCJkZWxldGUiOjE4MDAwMDAwMDAwMDAsInJlYWQiOjMwMDAwMDAwMDAwMCwidXBkYXRlIjoxODAwMDAwMDAwMDAwfSwic2NoZW1hX3ZlcnNpb24iOiIxIn0=",
          "dependencies": [
            "azurerm_storage_account.tonneytestsa",
            "data.azurerm_resource_group.resgroup"
          ]
        }
      ]
    }
  ]
}
